
Microsoft Visual Studio Solution File, Format Version 12.00
# Visual Studio Version 16
VisualStudioVersion = 16.0.30503.244
MinimumVisualStudioVersion = 10.0.40219.1
Project("{9A19103F-16F7-4668-BE54-9A1E7A4F7556}") = "OOP1", "OOP1.csproj", "{E60C8E5C-35E2-4521-9FF7-A5CED1D1BE60}"
EndProject
Project("{9A19103F-16F7-4668-BE54-9A1E7A4F7556}") = "AplikasiLuasSegiempat", "..\AplikasiLuasSegiempat\AplikasiLuasSegiempat.csproj", "{D3D62591-FAFA-428F-B0F9-816DB8E2D6DE}"
EndProject
Project("{9A19103F-16F7-4668-BE54-9A1E7A4F7556}") = "AplikasiGameKeren", "..\AplikasiGameKeren\AplikasiGameKeren.csproj", "{16C5EDBC-E3FD-4913-999F-1223FFBDD15D}"
EndProject
Project("{FAE04EC0-301F-11D3-BF4B-00C04F79EFBC}") = "NegeriMonster", "..\NegeriMonster\NegeriMonster.csproj", "{15EFC612-5FC9-408B-A824-64849BFCC4B7}"
EndProject
Global
	GlobalSection(SolutionConfigurationPlatforms) = preSolution
		Debug|Any CPU = Debug|Any CPU
		Release|Any CPU = Release|Any CPU
	EndGlobalSection
	GlobalSection(ProjectConfigurationPlatforms) = postSolution
		{E60C8E5C-35E2-4521-9FF7-A5CED1D1BE60}.Debug|Any CPU.ActiveCfg = Debug|Any CPU
		{E60C8E5C-35E2-4521-9FF7-A5CED1D1BE60}.Debug|Any CPU.Build.0 = Debug|Any CPU
		{E60C8E5C-35E2-4521-9FF7-A5CED1D1BE60}.Release|Any CPU.ActiveCfg = Release|Any CPU
		{E60C8E5C-35E2-4521-9FF7-A5CED1D1BE60}.Release|Any CPU.Build.0 = Release|Any CPU
		{D3D62591-FAFA-428F-B0F9-816DB8E2D6DE}.Debug|Any CPU.ActiveCfg = Debug|Any CPU
		{D3D62591-FAFA-428F-B0F9-816DB8E2D6DE}.Debug|Any CPU.Build.0 = Debug|Any CPU
		{D3D62591-FAFA-428F-B0F9-816DB8E2D6DE}.Release|Any CPU.ActiveCfg = Release|Any CPU
		{D3D62591-FAFA-428F-B0F9-816DB8E2D6DE}.Release|Any CPU.Build.0 = Release|Any CPU
		{16C5EDBC-E3FD-4913-999F-1223FFBDD15D}.Debug|Any CPU.ActiveCfg = Debug|Any CPU
		{16C5EDBC-E3FD-4913-999F-1223FFBDD15D}.Debug|Any CPU.Build.0 = Debug|Any CPU
		{16C5EDBC-E3FD-4913-999F-1223FFBDD15D}.Release|Any CPU.ActiveCfg = Release|Any CPU
		{16C5EDBC-E3FD-4913-999F-1223FFBDD15D}.Release|Any CPU.Build.0 = Release|Any CPU
		{15EFC612-5FC9-408B-A824-64849BFCC4B7}.Debug|Any CPU.ActiveCfg = Debug|Any CPU
		{15EFC612-5FC9-408B-A824-64849BFCC4B7}.Debug|Any CPU.Build.0 = Debug|Any CPU
		{15EFC612-5FC9-408B-A824-64849BFCC4B7}.Release|Any CPU.ActiveCfg = Release|Any CPU
		{15EFC612-5FC9-408B-A824-64849BFCC4B7}.Release|Any CPU.Build.0 = Release|Any CPU
	EndGlobalSection
	GlobalSection(SolutionProperties) = preSolution
		HideSolutionNode = FALSE
	EndGlobalSection
	GlobalSection(ExtensibilityGlobals) = postSolution
		SolutionGuid = {DBEA9BAA-C476-4512-80A0-A9F1F27BC6A4}
	EndGlobalSection
EndGlobal
